
Microsoft Visual Studio Solution File, Format Version 12.00
# Visual Studio 15
VisualStudioVersion = 15.0.27130.2026
MinimumVisualStudioVersion = 10.0.40219.1
Project("{FAE04EC0-301F-11D3-BF4B-00C04F79EFBC}") = "Munger", "Munger\Munger.csproj", "{080D5257-E7AF-4618-AE9E-AAC2FC19D1D5}"
EndProject
Project("{FAE04EC0-301F-11D3-BF4B-00C04F79EFBC}") = "MungerTests", "MungerTests\MungerTests.csproj", "{60C8C252-8264-45A5-985B-9967C426492A}"
EndProject
Global
	GlobalSection(SolutionConfigurationPlatforms) = preSolution
		Debug|Any CPU = Debug|Any CPU
		Release|Any CPU = Release|Any CPU
	EndGlobalSection
	GlobalSection(ProjectConfigurationPlatforms) = postSolution
		{080D5257-E7AF-4618-AE9E-AAC2FC19D1D5}.Debug|Any CPU.ActiveCfg = Debug|Any CPU
		{080D5257-E7AF-4618-AE9E-AAC2FC19D1D5}.Debug|Any CPU.Build.0 = Debug|Any CPU
		{080D5257-E7AF-4618-AE9E-AAC2FC19D1D5}.Release|Any CPU.ActiveCfg = Release|Any CPU
		{080D5257-E7AF-4618-AE9E-AAC2FC19D1D5}.Release|Any CPU.Build.0 = Release|Any CPU
		{60C8C252-8264-45A5-985B-9967C426492A}.Debug|Any CPU.ActiveCfg = Debug|Any CPU
		{60C8C252-8264-45A5-985B-9967C426492A}.Debug|Any CPU.Build.0 = Debug|Any CPU
		{60C8C252-8264-45A5-985B-9967C426492A}.Release|Any CPU.ActiveCfg = Release|Any CPU
		{60C8C252-8264-45A5-985B-9967C426492A}.Release|Any CPU.Build.0 = Release|Any CPU
	EndGlobalSection
	GlobalSection(SolutionProperties) = preSolution
		HideSolutionNode = FALSE
	EndGlobalSection
	GlobalSection(ExtensibilityGlobals) = postSolution
		SolutionGuid = {1A991C9B-712E-4F5E-9F36-56D06A82D758}
	EndGlobalSection
EndGlobal
